// !$*UTF8*$!
{
	archiveVersion = 1;
	classes = {
	};
	objectVersion = 46;
	objects = {

/* Begin PBXBuildFile section */
		201401DF1D88CFF40061B940 /* AppDelegate.swift in Sources */ = {isa = PBXBuildFile; fileRef = 201401DE1D88CFF40061B940 /* AppDelegate.swift */; };
		201401E11D88CFF40061B940 /* ViewController.swift in Sources */ = {isa = PBXBuildFile; fileRef = 201401E01D88CFF40061B940 /* ViewController.swift */; };
		201401E31D88CFF40061B940 /* Assets.xcassets in Resources */ = {isa = PBXBuildFile; fileRef = 201401E21D88CFF40061B940 /* Assets.xcassets */; };
		201401E61D88CFF40061B940 /* Main.storyboard in Resources */ = {isa = PBXBuildFile; fileRef = 201401E41D88CFF40061B940 /* Main.storyboard */; };
		201402071D88D5300061B940 /* RVCustomView.swift in Sources */ = {isa = PBXBuildFile; fileRef = 201402061D88D5300061B940 /* RVCustomView.swift */; };
		20A8C26E1D89940A00FA37C1 /* WindowController.swift in Sources */ = {isa = PBXBuildFile; fileRef = 20A8C26D1D89940A00FA37C1 /* WindowController.swift */; };
/* End PBXBuildFile section */

/* Begin PBXFileReference section */
		201401DB1D88CFF40061B940 /* CustomView.app */ = {isa = PBXFileReference; explicitFileType = wrapper.application; includeInIndex = 0; path = CustomView.app; sourceTree = BUILT_PRODUCTS_DIR; };
		201401DE1D88CFF40061B940 /* AppDelegate.swift */ = {isa = PBXFileReference; lastKnownFileType = sourcecode.swift; path = AppDelegate.swift; sourceTree = "<group>"; };
		201401E01D88CFF40061B940 /* ViewController.swift */ = {isa = PBXFileReference; lastKnownFileType = sourcecode.swift; path = ViewController.swift; sourceTree = "<group>"; };
		201401E21D88CFF40061B940 /* Assets.xcassets */ = {isa = PBXFileReference; lastKnownFileType = folder.assetcatalog; path = Assets.xcassets; sourceTree = "<group>"; };
		201401E51D88CFF40061B940 /* Base */ = {isa = PBXFileReference; lastKnownFileType = file.storyboard; name = Base; path = Base.lproj/Main.storyboard; sourceTree = "<group>"; };
		201401E71D88CFF40061B940 /* Info.plist */ = {isa = PBXFileReference; lastKnownFileType = text.plist.xml; path = Info.plist; sourceTree = "<group>"; };
		201402061D88D5300061B940 /* RVCustomView.swift */ = {isa = PBXFileReference; fileEncoding = 4; lastKnownFileType = sourcecode.swift; path = RVCustomView.swift; sourceTree = "<group>"; };
		20A8C26D1D89940A00FA37C1 /* WindowController.swift */ = {isa = PBXFileReference; fileEncoding = 4; lastKnownFileType = sourcecode.swift; path = WindowController.swift; sourceTree = "<group>"; };
/* End PBXFileReference section */

/* Begin PBXFrameworksBuildPhase section */
		201401D81D88CFF40061B940 /* Frameworks */ = {
			isa = PBXFrameworksBuildPhase;
			buildActionMask = 2147483647;
			files = (
			);
			runOnlyForDeploymentPostprocessing = 0;
		};
/* End PBXFrameworksBuildPhase section */

/* Begin PBXGroup section */
		201401D21D88CFF40061B940 = {
			isa = PBXGroup;
			children = (
				201401DD1D88CFF40061B940 /* CustomView */,
				201401DC1D88CFF40061B940 /* Products */,
			);
			sourceTree = "<group>";
		};
		201401DC1D88CFF40061B940 /* Products */ = {
			isa = PBXGroup;
			children = (
				201401DB1D88CFF40061B940 /* CustomView.app */,
			);
			name = Products;
			sourceTree = "<group>";
		};
		201401DD1D88CFF40061B940 /* CustomView */ = {
			isa = PBXGroup;
			children = (
				201401DE1D88CFF40061B940 /* AppDelegate.swift */,
				201401E01D88CFF40061B940 /* ViewController.swift */,
				201402061D88D5300061B940 /* RVCustomView.swift */,
				20A8C26D1D89940A00FA37C1 /* WindowController.swift */,
				201401E21D88CFF40061B940 /* Assets.xcassets */,
				201401E41D88CFF40061B940 /* Main.storyboard */,
				201401E71D88CFF40061B940 /* Info.plist */,
			);
			path = CustomView;
			sourceTree = "<group>";
		};
/* End PBXGroup section */

/* Begin PBXNativeTarget section */
		201401DA1D88CFF40061B940 /* CustomView */ = {
			isa = PBXNativeTarget;
			buildConfigurationList = 201401EA1D88CFF40061B940 /* Build configuration list for PBXNativeTarget "CustomView" */;
			buildPhases = (
				201401D71D88CFF40061B940 /* Sources */,
				201401D81D88CFF40061B940 /* Frameworks */,
				201401D91D88CFF40061B940 /* Resources */,
			);
			buildRules = (
			);
			dependencies = (
			);
			name = CustomView;
			productName = CustomView;
			productReference = 201401DB1D88CFF40061B940 /* CustomView.app */;
			productType = "com.apple.product-type.application";
		};
/* End PBXNativeTarget section */

/* Begin PBXProject section */
		201401D31D88CFF40061B940 /* Project object */ = {
			isa = PBXProject;
			attributes = {
				LastSwiftUpdateCheck = 0730;
				LastUpgradeCheck = 0730;
				ORGANIZATIONNAME = evandorn;
				TargetAttributes = {
					201401DA1D88CFF40061B940 = {
						CreatedOnToolsVersion = 7.3;
					};
				};
			};
			buildConfigurationList = 201401D61D88CFF40061B940 /* Build configuration list for PBXProject "CustomView" */;
			compatibilityVersion = "Xcode 3.2";
			developmentRegion = English;
			hasScannedForEncodings = 0;
			knownRegions = (
				en,
				Base,
			);
			mainGroup = 201401D21D88CFF40061B940;
			productRefGroup = 201401DC1D88CFF40061B940 /* Products */;
			projectDirPath = "";
			projectRoot = "";
			targets = (
				201401DA1D88CFF40061B940 /* CustomView */,
			);
		};
/* End PBXProject section */

/* Begin PBXResourcesBuildPhase section */
		201401D91D88CFF40061B940 /* Resources */ = {
			isa = PBXResourcesBuildPhase;
			buildActionMask = 2147483647;
			files = (
				201401E31D88CFF40061B940 /* Assets.xcassets in Resources */,
				201401E61D88CFF40061B940 /* Main.storyboard in Resources */,
			);
			runOnlyForDeploymentPostprocessing = 0;
		};
/* End PBXResourcesBuildPhase section */

/* Begin PBXSourcesBuildPhase section */
		201401D71D88CFF40061B940 /* Sources */ = {
			isa = PBXSourcesBuildPhase;
			buildActionMask = 2147483647;
			files = (
				201402071D88D5300061B940 /* RVCustomView.swift in Sources */,
				20A8C26E1D89940A00FA37C1 /* WindowController.swift in Sources */,
				201401E11D88CFF40061B940 /* ViewController.swift in Sources */,
				201401DF1D88CFF40061B940 /* AppDelegate.swift in Sources */,
			);
			runOnlyForDeploymentPostprocessing = 0;
		};
/* End PBXSourcesBuildPhase section */

/* Begin PBXVariantGroup section */
		201401E41D88CFF40061B940 /* Main.storyboard */ = {
			isa = PBXVariantGroup;
			children = (
				201401E51D88CFF40061B940 /* Base */,
			);
			name = Main.storyboard;
			sourceTree = "<group>";
		};
/* End PBXVariantGroup section */

/* Begin XCBuildConfiguration section */
		201401E81D88CFF40061B940 /* Debug */ = {
			isa = XCBuildConfiguration;
			buildSettings = {
				ALWAYS_SEARCH_USER_PATHS = NO;
				CLANG_ANALYZER_NONNULL = YES;
				CLANG_CXX_LANGUAGE_STANDARD = "gnu++0x";
				CLANG_CXX_LIBRARY = "libc++";
				CLANG_ENABLE_MODULES = YES;
				CLANG_ENABLE_OBJC_ARC = YES;
				CLANG_WARN_BOOL_CONVERSION = YES;
				CLANG_WARN_CONSTANT_CONVERSION = YES;
				CLANG_WARN_DIRECT_OBJC_ISA_USAGE = YES_ERROR;
				CLANG_WARN_EMPTY_BODY = YES;
				CLANG_WARN_ENUM_CONVERSION = YES;
				CLANG_WARN_INT_CONVERSION = YES;
				CLANG_WARN_OBJC_ROOT_CLASS = YES_ERROR;
				CLANG_WARN_UNREACHABLE_CODE = YES;
				CLANG_WARN__DUPLICATE_METHOD_MATCH = YES;
				CODE_SIGN_IDENTITY = "-";
				COPY_PHASE_STRIP = NO;
				DEBUG_INFORMATION_FORMAT = dwarf;
				ENABLE_STRICT_OBJC_MSGSEND = YES;
				ENABLE_TESTABILITY = YES;
				GCC_C_LANGUAGE_STANDARD = gnu99;
				GCC_DYNAMIC_NO_PIC = NO;
				GCC_NO_COMMON_BLOCKS = YES;
				GCC_OPTIMIZATION_LEVEL = 0;
				GCC_PREPROCESSOR_DEFINITIONS = (
					"DEBUG=1",
					"$(inherited)",
				);
				GCC_WARN_64_TO_32_BIT_CONVERSION = YES;
				GCC_WARN_ABOUT_RETURN_TYPE = YES_ERROR;
				GCC_WARN_UNDECLARED_SELECTOR = YES;
				GCC_WARN_UNINITIALIZED_AUTOS = YES_AGGRESSIVE;
				GCC_WARN_UNUSED_FUNCTION = YES;
				GCC_WARN_UNUSED_VARIABLE = YES;
				MACOSX_DEPLOYMENT_TARGET = 10.11;
				MTL_ENABLE_DEBUG_INFO = YES;
				ONLY_ACTIVE_ARCH = YES;
				SDKROOT = macosx;
				SWIFT_OPTIMIZATION_LEVEL = "-Onone";
			};
			name = Debug;
		};
		201401E91D88CFF40061B940 /* Release */ = {
			isa = XCBuildConfiguration;
			buildSettings = {
				ALWAYS_SEARCH_USER_PATHS = NO;
				CLANG_ANALYZER_NONNULL = YES;
				CLANG_CXX_LANGUAGE_STANDARD = "gnu++0x";
				CLANG_CXX_LIBRARY = "libc++";
				CLANG_ENABLE_MODULES = YES;
				CLANG_ENABLE_OBJC_ARC = YES;
				CLANG_WARN_BOOL_CONVERSION = YES;
				CLANG_WARN_CONSTANT_CONVERSION = YES;
				CLANG_WARN_DIRECT_OBJC_ISA_USAGE = YES_ERROR;
				CLANG_WARN_EMPTY_BODY = YES;
				CLANG_WARN_ENUM_CONVERSION = YES;
				CLANG_WARN_INT_CONVERSION = YES;
				CLANG_WARN_OBJC_ROOT_CLASS = YES_ERROR;
				CLANG_WARN_UNREACHABLE_CODE = YES;
				CLANG_WARN__DUPLICATE_METHOD_MATCH = YES;
				CODE_SIGN_IDENTITY = "-";
				COPY_PHASE_STRIP = NO;
				DEBUG_INFORMATION_FORMAT = "dwarf-with-dsym";
				ENABLE_NS_ASSERTIONS = NO;
				ENABLE_STRICT_OBJC_MSGSEND = YES;
				GCC_C_LANGUAGE_STANDARD = gnu99;
				GCC_NO_COMMON_BLOCKS = YES;
				GCC_WARN_64_TO_32_BIT_CONVERSION = YES;
				GCC_WARN_ABOUT_RETURN_TYPE = YES_ERROR;
				GCC_WARN_UNDECLARED_SELECTOR = YES;
				GCC_WARN_UNINITIALIZED_AUTOS = YES_AGGRESSIVE;
				GCC_WARN_UNUSED_FUNCTION = YES;
				GCC_WARN_UNUSED_VARIABLE = YES;
				MACOSX_DEPLOYMENT_TARGET = 10.11;
				MTL_ENABLE_DEBUG_INFO = NO;
				SDKROOT = macosx;
			};
			name = Release;
		};
		201401EB1D88CFF40061B940 /* Debug */ = {
			isa = XCBuildConfiguration;
			buildSettings = {
				ASSETCATALOG_COMPILER_APPICON_NAME = AppIcon;
				COMBINE_HIDPI_IMAGES = YES;
				INFOPLIST_FILE = CustomView/Info.plist;
				LD_RUNPATH_SEARCH_PATHS = "$(inherited) @executable_path/../Frameworks";
				PRODUCT_BUNDLE_IDENTIFIER = com.evandorn.CustomView;
				PRODUCT_NAME = "$(TARGET_NAME)";
			};
			name = Debug;
		};
		201401EC1D88CFF40061B940 /* Release */ = {
			isa = XCBuildConfiguration;
			buildSettings = {
				ASSETCATALOG_COMPILER_APPICON_NAME = AppIcon;
				COMBINE_HIDPI_IMAGES = YES;
				INFOPLIST_FILE = CustomView/Info.plist;
				LD_RUNPATH_SEARCH_PATHS = "$(inherited) @executable_path/../Frameworks";
				PRODUCT_BUNDLE_IDENTIFIER = com.evandorn.CustomView;
				PRODUCT_NAME = "$(TARGET_NAME)";
			};
			name = Release;
		};
/* End XCBuildConfiguration section */

/* Begin XCConfigurationList section */
		201401D61D88CFF40061B940 /* Build configuration list for PBXProject "CustomView" */ = {
			isa = XCConfigurationList;
			buildConfigurations = (
				201401E81D88CFF40061B940 /* Debug */,
				201401E91D88CFF40061B940 /* Release */,
			);
			defaultConfigurationIsVisible = 0;
			defaultConfigurationName = Release;
		};
		201401EA1D88CFF40061B940 /* Build configuration list for PBXNativeTarget "CustomView" */ = {
			isa = XCConfigurationList;
			buildConfigurations = (
				201401EB1D88CFF40061B940 /* Debug */,
				201401EC1D88CFF40061B940 /* Release */,
			);
			defaultConfigurationIsVisible = 0;
			defaultConfigurationName = Release;
		};
/* End XCConfigurationList section */
	};
	rootObject = 201401D31D88CFF40061B940 /* Project object */;
}
